<?xml version="1.0" encoding="utf-8"?>
<Project ToolsVersion="4.0" xmlns="http://schemas.microsoft.com/developer/msbuild/2003">
  <ItemGroup>
    <Filter Include="Source Files">
      <UniqueIdentifier>{4FC737F1-C7A5-4376-A066-2A32D752A2FF}</UniqueIdentifier>
      <Extensions>cpp;c;cc;cxx;def;odl;idl;hpj;bat;asm;asmx</Extensions>
    </Filter>
    <Filter Include="Header Files">
      <UniqueIdentifier>{93995380-89BD-4b04-88EB-625FBE52EBFB}</UniqueIdentifier>
      <Extensions>h;hh;hpp;hxx;hm;inl;inc;ipp;xsd</Extensions>
    </Filter>
    <Filter Include="Resource Files">
      <UniqueIdentifier>{67DA6AB6-F800-4c08-8B7A-83BB121AAD01}</UniqueIdentifier>
      <Extensions>rc;ico;cur;bmp;dlg;rc2;rct;bin;rgs;gif;jpg;jpeg;jpe;resx;tiff;tif;png;wav;mfcribbon-ms</Extensions>
    </Filter>
    <Filter Include="Source Files\Lectures">
      <UniqueIdentifier>{635c01ef-fb03-496e-9def-db3f6b9a733f}</UniqueIdentifier>
    </Filter>
    <Filter Include="Source Files\Labs">
      <UniqueIdentifier>{d360bda1-a2ec-4ff8-9ae6-78cb925df08c}</UniqueIdentifier>
    </Filter>
    <Filter Include="Source Files\Labs\Chapter 1 - Vectors">
      <UniqueIdentifier>{18c0bc6f-376f-4fd0-8ad9-2fbb3f3b4ed2}</UniqueIdentifier>
    </Filter>
    <Filter Include="Source Files\Labs\Chapter 2 - I/O Streams">
      <UniqueIdentifier>{a84684eb-2d1f-4649-8e6b-0d97b930ead3}</UniqueIdentifier>
    </Filter>
    <Filter Include="Source Files\Labs\Chapter 3 - Classes I">
      <UniqueIdentifier>{05fa9821-5fd1-44af-af6f-154cbf07a2c3}</UniqueIdentifier>
    </Filter>
    <Filter Include="Source Files\Labs\Chapter 4 - Classes II">
      <UniqueIdentifier>{8be55917-4c7f-4568-884f-0e693bb2c168}</UniqueIdentifier>
    </Filter>
    <Filter Include="Header Files\Labs">
      <UniqueIdentifier>{dbe2ca20-8cc7-4e31-8d9b-e0f2203bdd67}</UniqueIdentifier>
    </Filter>
    <Filter Include="Header Files\Programs">
      <UniqueIdentifier>{cfcbd21f-ae3b-41fa-9aba-78ca4a38c622}</UniqueIdentifier>
    </Filter>
    <Filter Include="Header Files\Labs\Chapter 4 - Classes II">
      <UniqueIdentifier>{ddc86028-ad88-4178-8603-db623c199879}</UniqueIdentifier>
    </Filter>
    <Filter Include="Source Files\Programs">
      <UniqueIdentifier>{a4ffdb30-4f7c-4a38-8388-c59f3350e64d}</UniqueIdentifier>
    </Filter>
    <Filter Include="Source Files\Labs\Chapter 5 - Arrays">
      <UniqueIdentifier>{41b59761-a754-474b-8f74-cfeb0feea6ae}</UniqueIdentifier>
    </Filter>
    <Filter Include="Source Files\Labs\Chapter 6 - Pointers">
      <UniqueIdentifier>{6172049e-7a95-44f7-a7d4-537970df86b2}</UniqueIdentifier>
    </Filter>
    <Filter Include="Header Files\Labs\Chapter 6 - Pointers">
      <UniqueIdentifier>{8a6db7cd-de36-4d71-a506-17ec53594ad2}</UniqueIdentifier>
    </Filter>
    <Filter Include="Source Files\Labs\Chapter 7 - Linked Lists">
      <UniqueIdentifier>{d8f0d406-f93f-40f3-bab1-0c84c4febbe1}</UniqueIdentifier>
    </Filter>
    <Filter Include="Header Files\Labs\Chapter 7 - Linked Lists">
      <UniqueIdentifier>{70f77a9a-c8ae-475b-82f9-7c3a1ae4f8ff}</UniqueIdentifier>
    </Filter>
    <Filter Include="Source Files\Labs\Chapter 8 - Recursion">
      <UniqueIdentifier>{4cc310d7-26fc-48c2-a6d1-921a39d2f619}</UniqueIdentifier>
    </Filter>
    <Filter Include="Header Files\Labs\Chapter 8 - Recursion">
      <UniqueIdentifier>{a1c9910b-55bf-4751-9ba9-04e75890e3f3}</UniqueIdentifier>
    </Filter>
    <Filter Include="Source Files\Labs\Chapter 9 - Polymorphism">
      <UniqueIdentifier>{9b78539c-a275-4cdd-93ba-f901fc4cfb74}</UniqueIdentifier>
    </Filter>
    <Filter Include="Header Files\Labs\Chapter 9 - Polymorphism">
      <UniqueIdentifier>{5ebfcfbd-abdc-4df3-8c0c-4ad2e27d6d4d}</UniqueIdentifier>
    </Filter>
  </ItemGroup>
  <ItemGroup>
    <ClCompile Include="Lectures\CS12 - Lec2.cpp">
      <Filter>Source Files\Lectures</Filter>
    </ClCompile>
    <ClCompile Include="Labs\Chapter 1\CS12 - Lab 1.1.cpp">
      <Filter>Source Files\Labs\Chapter 1 - Vectors</Filter>
    </ClCompile>
    <ClCompile Include="Labs\Chapter 1\CS12 - Lab 1.2.cpp">
      <Filter>Source Files\Labs\Chapter 1 - Vectors</Filter>
    </ClCompile>
    <ClCompile Include="Labs\Chapter 2\CS12 - Lab 2.1.cpp">
      <Filter>Source Files\Labs\Chapter 2 - I/O Streams</Filter>
    </ClCompile>
    <ClCompile Include="Labs\Chapter 2\CS12 - Lab 2.2.cpp">
      <Filter>Source Files\Labs\Chapter 2 - I/O Streams</Filter>
    </ClCompile>
    <ClCompile Include="Labs\Chapter 2\CS12 - Lab 2.3.cpp">
      <Filter>Source Files\Labs\Chapter 2 - I/O Streams</Filter>
    </ClCompile>
    <ClCompile Include="Programs\CalculatingLift.cpp">
      <Filter>Source Files\Programs</Filter>
    </ClCompile>
    <ClCompile Include="Labs\Chapter 3\CS12 - Lab 3.1.cpp">
      <Filter>Source Files\Labs\Chapter 3 - Classes I</Filter>
    </ClCompile>
    <ClCompile Include="Programs\Dates.cpp">
      <Filter>Source Files\Programs</Filter>
    </ClCompile>
    <ClCompile Include="Labs\Chapter 4\ItemToPurchase.cpp">
      <Filter>Source Files\Labs\Chapter 4 - Classes II</Filter>
    </ClCompile>
    <ClCompile Include="Labs\Chapter 4\ShoppingCart.cpp">
      <Filter>Source Files\Labs\Chapter 4 - Classes II</Filter>
    </ClCompile>
    <ClCompile Include="Labs\Chapter 4\main1.cpp">
      <Filter>Source Files\Labs\Chapter 4 - Classes II</Filter>
    </ClCompile>
    <ClCompile Include="Labs\Chapter 5\main.cpp">
      <Filter>Source Files\Labs\Chapter 5 - Arrays</Filter>
    </ClCompile>
    <ClCompile Include="Labs\Chapter 4\main2.cpp">
      <Filter>Source Files\Labs\Chapter 4 - Classes II</Filter>
    </ClCompile>
    <ClCompile Include="Labs\Chapter 6\IntVector.cpp">
      <Filter>Source Files\Labs\Chapter 6 - Pointers</Filter>
    </ClCompile>
    <ClCompile Include="Labs\Chapter 6\main.cpp">
      <Filter>Source Files\Labs\Chapter 6 - Pointers</Filter>
    </ClCompile>
    <ClCompile Include="Labs\Chapter 7\main.cpp">
      <Filter>Source Files\Labs\Chapter 7 - Linked Lists</Filter>
    </ClCompile>
    <ClCompile Include="Labs\Chapter 7\IntList.cpp">
      <Filter>Source Files\Labs\Chapter 7 - Linked Lists</Filter>
    </ClCompile>
    <ClCompile Include="Labs\Chapter 8\minFunc.cpp">
      <Filter>Source Files\Labs\Chapter 8 - Recursion</Filter>
    </ClCompile>
    <ClCompile Include="Labs\Chapter 8\p1.cpp">
      <Filter>Source Files\Labs\Chapter 8 - Recursion</Filter>
    </ClCompile>
    <ClCompile Include="Labs\Chapter 8\p2.cpp">
      <Filter>Source Files\Labs\Chapter 8 - Recursion</Filter>
    </ClCompile>
    <ClCompile Include="Labs\Chapter 8\main.cpp">
      <Filter>Source Files\Labs\Chapter 8 - Recursion</Filter>
    </ClCompile>
    <ClCompile Include="Labs\Chapter 8\IntList.cpp">
      <Filter>Source Files\Labs\Chapter 8 - Recursion</Filter>
    </ClCompile>
    <ClCompile Include="Labs\Chapter 9\main.cpp">
      <Filter>Source Files\Labs\Chapter 9 - Polymorphism</Filter>
    </ClCompile>
    <ClCompile Include="Labs\Chapter 9\Character.cpp">
      <Filter>Source Files\Labs\Chapter 9 - Polymorphism</Filter>
    </ClCompile>
    <ClCompile Include="Labs\Chapter 9\Elf.cpp">
      <Filter>Source Files\Labs\Chapter 9 - Polymorphism</Filter>
    </ClCompile>
    <ClCompile Include="Labs\Chapter 9\Warrior.cpp">
      <Filter>Source Files\Labs\Chapter 9 - Polymorphism</Filter>
    </ClCompile>
    <ClCompile Include="Labs\Chapter 9\Wizard.cpp">
      <Filter>Source Files\Labs\Chapter 9 - Polymorphism</Filter>
    </ClCompile>
    <ClCompile Include="Programs\IntList.cpp">
      <Filter>Source Files\Programs</Filter>
    </ClCompile>
    <ClCompile Include="Programs\SortedSet.cpp">
      <Filter>Source Files\Programs</Filter>
    </ClCompile>
    <ClCompile Include="Programs\main.cpp">
      <Filter>Source Files\Programs</Filter>
    </ClCompile>
  </ItemGroup>
  <ItemGroup>
    <ClInclude Include="Labs\Chapter 4\ItemToPurchase.h">
      <Filter>Header Files\Labs\Chapter 4 - Classes II</Filter>
    </ClInclude>
    <ClInclude Include="Labs\Chapter 4\ShoppingCart.h">
      <Filter>Header Files\Labs\Chapter 4 - Classes II</Filter>
    </ClInclude>
    <ClInclude Include="Labs\Chapter 6\IntVector.h">
      <Filter>Header Files\Labs\Chapter 6 - Pointers</Filter>
    </ClInclude>
    <ClInclude Include="Labs\Chapter 7\IntList.h">
      <Filter>Header Files\Labs\Chapter 7 - Linked Lists</Filter>
    </ClInclude>
    <ClInclude Include="Labs\Chapter 8\minFunc.h">
      <Filter>Header Files\Labs\Chapter 8 - Recursion</Filter>
    </ClInclude>
    <ClInclude Include="Labs\Chapter 8\IntList.h">
      <Filter>Header Files\Labs\Chapter 8 - Recursion</Filter>
    </ClInclude>
    <ClInclude Include="Labs\Chapter 9\Character.h">
      <Filter>Header Files\Labs\Chapter 9 - Polymorphism</Filter>
    </ClInclude>
    <ClInclude Include="Labs\Chapter 9\Wizard.h">
      <Filter>Header Files\Labs\Chapter 9 - Polymorphism</Filter>
    </ClInclude>
    <ClInclude Include="Labs\Chapter 9\Elf.h">
      <Filter>Header Files\Labs\Chapter 9 - Polymorphism</Filter>
    </ClInclude>
    <ClInclude Include="Labs\Chapter 9\Warrior.h">
      <Filter>Header Files\Labs\Chapter 9 - Polymorphism</Filter>
    </ClInclude>
    <ClInclude Include="Programs\IntList.h">
      <Filter>Header Files\Programs</Filter>
    </ClInclude>
    <ClInclude Include="Programs\SortedSet.h">
      <Filter>Header Files\Programs</Filter>
    </ClInclude>
  </ItemGroup>
</Project>